
Microsoft Visual Studio Solution File, Format Version 12.00
# Visual Studio Version 16
VisualStudioVersion = 16.0.31321.278
MinimumVisualStudioVersion = 10.0.40219.1
Project("{9A19103F-16F7-4668-BE54-9A1E7A4F7556}") = "UselessYoutubeDataExtractor", "UselessYoutubeDataExtractor\UselessYoutubeDataExtractor.csproj", "{ACAEF5CE-B578-46EA-9925-27119279AF8C}"
EndProject
Global
	GlobalSection(SolutionConfigurationPlatforms) = preSolution
		Debug|Any CPU = Debug|Any CPU
		Release|Any CPU = Release|Any CPU
	EndGlobalSection
	GlobalSection(ProjectConfigurationPlatforms) = postSolution
		{ACAEF5CE-B578-46EA-9925-27119279AF8C}.Debug|Any CPU.ActiveCfg = Debug|Any CPU
		{ACAEF5CE-B578-46EA-9925-27119279AF8C}.Debug|Any CPU.Build.0 = Debug|Any CPU
		{ACAEF5CE-B578-46EA-9925-27119279AF8C}.Release|Any CPU.ActiveCfg = Release|Any CPU
		{ACAEF5CE-B578-46EA-9925-27119279AF8C}.Release|Any CPU.Build.0 = Release|Any CPU
	EndGlobalSection
	GlobalSection(SolutionProperties) = preSolution
		HideSolutionNode = FALSE
	EndGlobalSection
	GlobalSection(ExtensibilityGlobals) = postSolution
		SolutionGuid = {3D569BC8-D046-4CCE-93C5-8A442FA8E383}
	EndGlobalSection
EndGlobal
